// !$*UTF8*$!
{
	archiveVersion = 1;
	classes = {
	};
	objectVersion = 50;
	objects = {

/* Begin PBXBuildFile section */
		F3678E4C257563F3007DAAFA /* AppDelegate.swift in Sources */ = {isa = PBXBuildFile; fileRef = F3678E4B257563F3007DAAFA /* AppDelegate.swift */; };
		F3678E4E257563F3007DAAFA /* SceneDelegate.swift in Sources */ = {isa = PBXBuildFile; fileRef = F3678E4D257563F3007DAAFA /* SceneDelegate.swift */; };
		F3678E50257563F3007DAAFA /* ViewController.swift in Sources */ = {isa = PBXBuildFile; fileRef = F3678E4F257563F3007DAAFA /* ViewController.swift */; };
		F3678E53257563F3007DAAFA /* Main.storyboard in Resources */ = {isa = PBXBuildFile; fileRef = F3678E51257563F3007DAAFA /* Main.storyboard */; };
		F3678E55257563F5007DAAFA /* Assets.xcassets in Resources */ = {isa = PBXBuildFile; fileRef = F3678E54257563F5007DAAFA /* Assets.xcassets */; };
		F3678E58257563F5007DAAFA /* LaunchScreen.storyboard in Resources */ = {isa = PBXBuildFile; fileRef = F3678E56257563F5007DAAFA /* LaunchScreen.storyboard */; };
/* End PBXBuildFile section */

/* Begin PBXFileReference section */
		F3678E48257563F3007DAAFA /* ControllsAndTextViews.app */ = {isa = PBXFileReference; explicitFileType = wrapper.application; includeInIndex = 0; path = ControllsAndTextViews.app; sourceTree = BUILT_PRODUCTS_DIR; };
		F3678E4B257563F3007DAAFA /* AppDelegate.swift */ = {isa = PBXFileReference; lastKnownFileType = sourcecode.swift; path = AppDelegate.swift; sourceTree = "<group>"; };
		F3678E4D257563F3007DAAFA /* SceneDelegate.swift */ = {isa = PBXFileReference; lastKnownFileType = sourcecode.swift; path = SceneDelegate.swift; sourceTree = "<group>"; };
		F3678E4F257563F3007DAAFA /* ViewController.swift */ = {isa = PBXFileReference; lastKnownFileType = sourcecode.swift; path = ViewController.swift; sourceTree = "<group>"; };
		F3678E52257563F3007DAAFA /* Base */ = {isa = PBXFileReference; lastKnownFileType = file.storyboard; name = Base; path = Base.lproj/Main.storyboard; sourceTree = "<group>"; };
		F3678E54257563F5007DAAFA /* Assets.xcassets */ = {isa = PBXFileReference; lastKnownFileType = folder.assetcatalog; path = Assets.xcassets; sourceTree = "<group>"; };
		F3678E57257563F5007DAAFA /* Base */ = {isa = PBXFileReference; lastKnownFileType = file.storyboard; name = Base; path = Base.lproj/LaunchScreen.storyboard; sourceTree = "<group>"; };
		F3678E59257563F5007DAAFA /* Info.plist */ = {isa = PBXFileReference; lastKnownFileType = text.plist.xml; path = Info.plist; sourceTree = "<group>"; };
/* End PBXFileReference section */

/* Begin PBXFrameworksBuildPhase section */
		F3678E45257563F3007DAAFA /* Frameworks */ = {
			isa = PBXFrameworksBuildPhase;
			buildActionMask = 2147483647;
			files = (
			);
			runOnlyForDeploymentPostprocessing = 0;
		};
/* End PBXFrameworksBuildPhase section */

/* Begin PBXGroup section */
		F3678E3F257563F3007DAAFA = {
			isa = PBXGroup;
			children = (
				F3678E4A257563F3007DAAFA /* ControllsAndTextViews */,
				F3678E49257563F3007DAAFA /* Products */,
			);
			sourceTree = "<group>";
		};
		F3678E49257563F3007DAAFA /* Products */ = {
			isa = PBXGroup;
			children = (
				F3678E48257563F3007DAAFA /* ControllsAndTextViews.app */,
			);
			name = Products;
			sourceTree = "<group>";
		};
		F3678E4A257563F3007DAAFA /* ControllsAndTextViews */ = {
			isa = PBXGroup;
			children = (
				F3678E4B257563F3007DAAFA /* AppDelegate.swift */,
				F3678E4D257563F3007DAAFA /* SceneDelegate.swift */,
				F3678E4F257563F3007DAAFA /* ViewController.swift */,
				F3678E51257563F3007DAAFA /* Main.storyboard */,
				F3678E54257563F5007DAAFA /* Assets.xcassets */,
				F3678E56257563F5007DAAFA /* LaunchScreen.storyboard */,
				F3678E59257563F5007DAAFA /* Info.plist */,
			);
			path = ControllsAndTextViews;
			sourceTree = "<group>";
		};
/* End PBXGroup section */

/* Begin PBXNativeTarget section */
		F3678E47257563F3007DAAFA /* ControllsAndTextViews */ = {
			isa = PBXNativeTarget;
			buildConfigurationList = F3678E5C257563F5007DAAFA /* Build configuration list for PBXNativeTarget "ControllsAndTextViews" */;
			buildPhases = (
				F3678E44257563F3007DAAFA /* Sources */,
				F3678E45257563F3007DAAFA /* Frameworks */,
				F3678E46257563F3007DAAFA /* Resources */,
			);
			buildRules = (
			);
			dependencies = (
			);
			name = ControllsAndTextViews;
			productName = ControllsAndTextViews;
			productReference = F3678E48257563F3007DAAFA /* ControllsAndTextViews.app */;
			productType = "com.apple.product-type.application";
		};
/* End PBXNativeTarget section */

/* Begin PBXProject section */
		F3678E40257563F3007DAAFA /* Project object */ = {
			isa = PBXProject;
			attributes = {
				LastSwiftUpdateCheck = 1220;
				LastUpgradeCheck = 1220;
				TargetAttributes = {
					F3678E47257563F3007DAAFA = {
						CreatedOnToolsVersion = 12.2;
					};
				};
			};
			buildConfigurationList = F3678E43257563F3007DAAFA /* Build configuration list for PBXProject "ControllsAndTextViews" */;
			compatibilityVersion = "Xcode 9.3";
			developmentRegion = en;
			hasScannedForEncodings = 0;
			knownRegions = (
				en,
				Base,
			);
			mainGroup = F3678E3F257563F3007DAAFA;
			productRefGroup = F3678E49257563F3007DAAFA /* Products */;
			projectDirPath = "";
			projectRoot = "";
			targets = (
				F3678E47257563F3007DAAFA /* ControllsAndTextViews */,
			);
		};
/* End PBXProject section */

/* Begin PBXResourcesBuildPhase section */
		F3678E46257563F3007DAAFA /* Resources */ = {
			isa = PBXResourcesBuildPhase;
			buildActionMask = 2147483647;
			files = (
				F3678E58257563F5007DAAFA /* LaunchScreen.storyboard in Resources */,
				F3678E55257563F5007DAAFA /* Assets.xcassets in Resources */,
				F3678E53257563F3007DAAFA /* Main.storyboard in Resources */,
			);
			runOnlyForDeploymentPostprocessing = 0;
		};
/* End PBXResourcesBuildPhase section */

/* Begin PBXSourcesBuildPhase section */
		F3678E44257563F3007DAAFA /* Sources */ = {
			isa = PBXSourcesBuildPhase;
			buildActionMask = 2147483647;
			files = (
				F3678E50257563F3007DAAFA /* ViewController.swift in Sources */,
				F3678E4C257563F3007DAAFA /* AppDelegate.swift in Sources */,
				F3678E4E257563F3007DAAFA /* SceneDelegate.swift in Sources */,
			);
			runOnlyForDeploymentPostprocessing = 0;
		};
/* End PBXSourcesBuildPhase section */

/* Begin PBXVariantGroup section */
		F3678E51257563F3007DAAFA /* Main.storyboard */ = {
			isa = PBXVariantGroup;
			children = (
				F3678E52257563F3007DAAFA /* Base */,
			);
			name = Main.storyboard;
			sourceTree = "<group>";
		};
		F3678E56257563F5007DAAFA /* LaunchScreen.storyboard */ = {
			isa = PBXVariantGroup;
			children = (
				F3678E57257563F5007DAAFA /* Base */,
			);
			name = LaunchScreen.storyboard;
			sourceTree = "<group>";
		};
/* End PBXVariantGroup section */

/* Begin XCBuildConfiguration section */
		F3678E5A257563F5007DAAFA /* Debug */ = {
			isa = XCBuildConfiguration;
			buildSettings = {
				ALWAYS_SEARCH_USER_PATHS = NO;
				CLANG_ANALYZER_NONNULL = YES;
				CLANG_ANALYZER_NUMBER_OBJECT_CONVERSION = YES_AGGRESSIVE;
				CLANG_CXX_LANGUAGE_STANDARD = "gnu++14";
				CLANG_CXX_LIBRARY = "libc++";
				CLANG_ENABLE_MODULES = YES;
				CLANG_ENABLE_OBJC_ARC = YES;
				CLANG_ENABLE_OBJC_WEAK = YES;
				CLANG_WARN_BLOCK_CAPTURE_AUTORELEASING = YES;
				CLANG_WARN_BOOL_CONVERSION = YES;
				CLANG_WARN_COMMA = YES;
				CLANG_WARN_CONSTANT_CONVERSION = YES;
				CLANG_WARN_DEPRECATED_OBJC_IMPLEMENTATIONS = YES;
				CLANG_WARN_DIRECT_OBJC_ISA_USAGE = YES_ERROR;
				CLANG_WARN_DOCUMENTATION_COMMENTS = YES;
				CLANG_WARN_EMPTY_BODY = YES;
				CLANG_WARN_ENUM_CONVERSION = YES;
				CLANG_WARN_INFINITE_RECURSION = YES;
				CLANG_WARN_INT_CONVERSION = YES;
				CLANG_WARN_NON_LITERAL_NULL_CONVERSION = YES;
				CLANG_WARN_OBJC_IMPLICIT_RETAIN_SELF = YES;
				CLANG_WARN_OBJC_LITERAL_CONVERSION = YES;
				CLANG_WARN_OBJC_ROOT_CLASS = YES_ERROR;
				CLANG_WARN_QUOTED_INCLUDE_IN_FRAMEWORK_HEADER = YES;
				CLANG_WARN_RANGE_LOOP_ANALYSIS = YES;
				CLANG_WARN_STRICT_PROTOTYPES = YES;
				CLANG_WARN_SUSPICIOUS_MOVE = YES;
				CLANG_WARN_UNGUARDED_AVAILABILITY = YES_AGGRESSIVE;
				CLANG_WARN_UNREACHABLE_CODE = YES;
				CLANG_WARN__DUPLICATE_METHOD_MATCH = YES;
				COPY_PHASE_STRIP = NO;
				DEBUG_INFORMATION_FORMAT = dwarf;
				ENABLE_STRICT_OBJC_MSGSEND = YES;
				ENABLE_TESTABILITY = YES;
				GCC_C_LANGUAGE_STANDARD = gnu11;
				GCC_DYNAMIC_NO_PIC = NO;
				GCC_NO_COMMON_BLOCKS = YES;
				GCC_OPTIMIZATION_LEVEL = 0;
				GCC_PREPROCESSOR_DEFINITIONS = (
					"DEBUG=1",
					"$(inherited)",
				);
				GCC_WARN_64_TO_32_BIT_CONVERSION = YES;
				GCC_WARN_ABOUT_RETURN_TYPE = YES_ERROR;
				GCC_WARN_UNDECLARED_SELECTOR = YES;
				GCC_WARN_UNINITIALIZED_AUTOS = YES_AGGRESSIVE;
				GCC_WARN_UNUSED_FUNCTION = YES;
				GCC_WARN_UNUSED_VARIABLE = YES;
				IPHONEOS_DEPLOYMENT_TARGET = 14.2;
				MTL_ENABLE_DEBUG_INFO = INCLUDE_SOURCE;
				MTL_FAST_MATH = YES;
				ONLY_ACTIVE_ARCH = YES;
				SDKROOT = iphoneos;
				SWIFT_ACTIVE_COMPILATION_CONDITIONS = DEBUG;
				SWIFT_OPTIMIZATION_LEVEL = "-Onone";
			};
			name = Debug;
		};
		F3678E5B257563F5007DAAFA /* Release */ = {
			isa = XCBuildConfiguration;
			buildSettings = {
				ALWAYS_SEARCH_USER_PATHS = NO;
				CLANG_ANALYZER_NONNULL = YES;
				CLANG_ANALYZER_NUMBER_OBJECT_CONVERSION = YES_AGGRESSIVE;
				CLANG_CXX_LANGUAGE_STANDARD = "gnu++14";
				CLANG_CXX_LIBRARY = "libc++";
				CLANG_ENABLE_MODULES = YES;
				CLANG_ENABLE_OBJC_ARC = YES;
				CLANG_ENABLE_OBJC_WEAK = YES;
				CLANG_WARN_BLOCK_CAPTURE_AUTORELEASING = YES;
				CLANG_WARN_BOOL_CONVERSION = YES;
				CLANG_WARN_COMMA = YES;
				CLANG_WARN_CONSTANT_CONVERSION = YES;
				CLANG_WARN_DEPRECATED_OBJC_IMPLEMENTATIONS = YES;
				CLANG_WARN_DIRECT_OBJC_ISA_USAGE = YES_ERROR;
				CLANG_WARN_DOCUMENTATION_COMMENTS = YES;
				CLANG_WARN_EMPTY_BODY = YES;
				CLANG_WARN_ENUM_CONVERSION = YES;
				CLANG_WARN_INFINITE_RECURSION = YES;
				CLANG_WARN_INT_CONVERSION = YES;
				CLANG_WARN_NON_LITERAL_NULL_CONVERSION = YES;
				CLANG_WARN_OBJC_IMPLICIT_RETAIN_SELF = YES;
				CLANG_WARN_OBJC_LITERAL_CONVERSION = YES;
				CLANG_WARN_OBJC_ROOT_CLASS = YES_ERROR;
				CLANG_WARN_QUOTED_INCLUDE_IN_FRAMEWORK_HEADER = YES;
				CLANG_WARN_RANGE_LOOP_ANALYSIS = YES;
				CLANG_WARN_STRICT_PROTOTYPES = YES;
				CLANG_WARN_SUSPICIOUS_MOVE = YES;
				CLANG_WARN_UNGUARDED_AVAILABILITY = YES_AGGRESSIVE;
				CLANG_WARN_UNREACHABLE_CODE = YES;
				CLANG_WARN__DUPLICATE_METHOD_MATCH = YES;
				COPY_PHASE_STRIP = NO;
				DEBUG_INFORMATION_FORMAT = "dwarf-with-dsym";
				ENABLE_NS_ASSERTIONS = NO;
				ENABLE_STRICT_OBJC_MSGSEND = YES;
				GCC_C_LANGUAGE_STANDARD = gnu11;
				GCC_NO_COMMON_BLOCKS = YES;
				GCC_WARN_64_TO_32_BIT_CONVERSION = YES;
				GCC_WARN_ABOUT_RETURN_TYPE = YES_ERROR;
				GCC_WARN_UNDECLARED_SELECTOR = YES;
				GCC_WARN_UNINITIALIZED_AUTOS = YES_AGGRESSIVE;
				GCC_WARN_UNUSED_FUNCTION = YES;
				GCC_WARN_UNUSED_VARIABLE = YES;
				IPHONEOS_DEPLOYMENT_TARGET = 14.2;
				MTL_ENABLE_DEBUG_INFO = NO;
				MTL_FAST_MATH = YES;
				SDKROOT = iphoneos;
				SWIFT_COMPILATION_MODE = wholemodule;
				SWIFT_OPTIMIZATION_LEVEL = "-O";
				VALIDATE_PRODUCT = YES;
			};
			name = Release;
		};
		F3678E5D257563F5007DAAFA /* Debug */ = {
			isa = XCBuildConfiguration;
			buildSettings = {
				ASSETCATALOG_COMPILER_APPICON_NAME = AppIcon;
				ASSETCATALOG_COMPILER_GLOBAL_ACCENT_COLOR_NAME = AccentColor;
				CODE_SIGN_STYLE = Automatic;
				DEVELOPMENT_TEAM = 83Z52K596R;
				INFOPLIST_FILE = ControllsAndTextViews/Info.plist;
				LD_RUNPATH_SEARCH_PATHS = (
					"$(inherited)",
					"@executable_path/Frameworks",
				);
				PRODUCT_BUNDLE_IDENTIFIER = com.karumi.ControllsAndTextViews;
				PRODUCT_NAME = "$(TARGET_NAME)";
				SWIFT_VERSION = 5.0;
				TARGETED_DEVICE_FAMILY = "1,2";
			};
			name = Debug;
		};
		F3678E5E257563F5007DAAFA /* Release */ = {
			isa = XCBuildConfiguration;
			buildSettings = {
				ASSETCATALOG_COMPILER_APPICON_NAME = AppIcon;
				ASSETCATALOG_COMPILER_GLOBAL_ACCENT_COLOR_NAME = AccentColor;
				CODE_SIGN_STYLE = Automatic;
				DEVELOPMENT_TEAM = 83Z52K596R;
				INFOPLIST_FILE = ControllsAndTextViews/Info.plist;
				LD_RUNPATH_SEARCH_PATHS = (
					"$(inherited)",
					"@executable_path/Frameworks",
				);
				PRODUCT_BUNDLE_IDENTIFIER = com.karumi.ControllsAndTextViews;
				PRODUCT_NAME = "$(TARGET_NAME)";
				SWIFT_VERSION = 5.0;
				TARGETED_DEVICE_FAMILY = "1,2";
			};
			name = Release;
		};
/* End XCBuildConfiguration section */

/* Begin XCConfigurationList section */
		F3678E43257563F3007DAAFA /* Build configuration list for PBXProject "ControllsAndTextViews" */ = {
			isa = XCConfigurationList;
			buildConfigurations = (
				F3678E5A257563F5007DAAFA /* Debug */,
				F3678E5B257563F5007DAAFA /* Release */,
			);
			defaultConfigurationIsVisible = 0;
			defaultConfigurationName = Release;
		};
		F3678E5C257563F5007DAAFA /* Build configuration list for PBXNativeTarget "ControllsAndTextViews" */ = {
			isa = XCConfigurationList;
			buildConfigurations = (
				F3678E5D257563F5007DAAFA /* Debug */,
				F3678E5E257563F5007DAAFA /* Release */,
			);
			defaultConfigurationIsVisible = 0;
			defaultConfigurationName = Release;
		};
/* End XCConfigurationList section */
	};
	rootObject = F3678E40257563F3007DAAFA /* Project object */;
}
